// !$*UTF8*$!
{
	archiveVersion = 1;
	classes = {
	};
	objectVersion = 46;
	objects = {

/* Begin PBXBuildFile section */
		C0300C05166C090200678AC4 /* Cocoa.framework in Frameworks */ = {isa = PBXBuildFile; fileRef = C0300C04166C090200678AC4 /* Cocoa.framework */; };
		C0300C07166C090200678AC4 /* Python.framework in Frameworks */ = {isa = PBXBuildFile; fileRef = C0300C06166C090200678AC4 /* Python.framework */; };
		C0300C11166C090200678AC4 /* InfoPlist.strings in Resources */ = {isa = PBXBuildFile; fileRef = C0300C0F166C090200678AC4 /* InfoPlist.strings */; };
		C0300C13166C090200678AC4 /* main.m in Sources */ = {isa = PBXBuildFile; fileRef = C0300C12166C090200678AC4 /* main.m */; };
		C0300C17166C090200678AC4 /* Credits.rtf in Resources */ = {isa = PBXBuildFile; fileRef = C0300C15166C090200678AC4 /* Credits.rtf */; };
		C0300C19166C090200678AC4 /* main.py in Resources */ = {isa = PBXBuildFile; fileRef = C0300C18166C090200678AC4 /* main.py */; };
		C0300C1B166C090200678AC4 /* MTAppDelegate.py in Resources */ = {isa = PBXBuildFile; fileRef = C0300C1A166C090200678AC4 /* MTAppDelegate.py */; };
		C0300C1E166C090200678AC4 /* MainMenu.xib in Resources */ = {isa = PBXBuildFile; fileRef = C0300C1C166C090200678AC4 /* MainMenu.xib */; };
		C0300C29166C4A8000678AC4 /* MTMainWindowController.py in Resources */ = {isa = PBXBuildFile; fileRef = C0300C28166C4A8000678AC4 /* MTMainWindowController.py */; };
/* End PBXBuildFile section */

/* Begin PBXFileReference section */
		C0300C00166C090200678AC4 /* Application Packager.app */ = {isa = PBXFileReference; explicitFileType = wrapper.application; includeInIndex = 0; path = "Application Packager.app"; sourceTree = BUILT_PRODUCTS_DIR; };
		C0300C04166C090200678AC4 /* Cocoa.framework */ = {isa = PBXFileReference; lastKnownFileType = wrapper.framework; name = Cocoa.framework; path = System/Library/Frameworks/Cocoa.framework; sourceTree = SDKROOT; };
		C0300C06166C090200678AC4 /* Python.framework */ = {isa = PBXFileReference; lastKnownFileType = wrapper.framework; name = Python.framework; path = System/Library/Frameworks/Python.framework; sourceTree = SDKROOT; };
		C0300C09166C090200678AC4 /* AppKit.framework */ = {isa = PBXFileReference; lastKnownFileType = wrapper.framework; name = AppKit.framework; path = System/Library/Frameworks/AppKit.framework; sourceTree = SDKROOT; };
		C0300C0A166C090200678AC4 /* CoreData.framework */ = {isa = PBXFileReference; lastKnownFileType = wrapper.framework; name = CoreData.framework; path = System/Library/Frameworks/CoreData.framework; sourceTree = SDKROOT; };
		C0300C0B166C090200678AC4 /* Foundation.framework */ = {isa = PBXFileReference; lastKnownFileType = wrapper.framework; name = Foundation.framework; path = System/Library/Frameworks/Foundation.framework; sourceTree = SDKROOT; };
		C0300C0E166C090200678AC4 /* Application Packager-Info.plist */ = {isa = PBXFileReference; lastKnownFileType = text.plist.xml; path = "Application Packager-Info.plist"; sourceTree = "<group>"; };
		C0300C10166C090200678AC4 /* en */ = {isa = PBXFileReference; lastKnownFileType = text.plist.strings; name = en; path = en.lproj/InfoPlist.strings; sourceTree = "<group>"; };
		C0300C12166C090200678AC4 /* main.m */ = {isa = PBXFileReference; lastKnownFileType = sourcecode.c.objc; path = main.m; sourceTree = "<group>"; };
		C0300C14166C090200678AC4 /* Application Packager-Prefix.pch */ = {isa = PBXFileReference; lastKnownFileType = sourcecode.c.h; path = "Application Packager-Prefix.pch"; sourceTree = "<group>"; };
		C0300C16166C090200678AC4 /* en */ = {isa = PBXFileReference; lastKnownFileType = text.rtf; name = en; path = en.lproj/Credits.rtf; sourceTree = "<group>"; };
		C0300C18166C090200678AC4 /* main.py */ = {isa = PBXFileReference; lastKnownFileType = text.script.python; path = main.py; sourceTree = "<group>"; };
		C0300C1A166C090200678AC4 /* MTAppDelegate.py */ = {isa = PBXFileReference; lastKnownFileType = text.script.python; path = MTAppDelegate.py; sourceTree = "<group>"; };
		C0300C1D166C090200678AC4 /* en */ = {isa = PBXFileReference; lastKnownFileType = file.xib; name = en; path = en.lproj/MainMenu.xib; sourceTree = "<group>"; };
		C0300C28166C4A8000678AC4 /* MTMainWindowController.py */ = {isa = PBXFileReference; fileEncoding = 4; lastKnownFileType = text.script.python; path = MTMainWindowController.py; sourceTree = "<group>"; };
/* End PBXFileReference section */

/* Begin PBXFrameworksBuildPhase section */
		C0300BFD166C090200678AC4 /* Frameworks */ = {
			isa = PBXFrameworksBuildPhase;
			buildActionMask = 2147483647;
			files = (
				C0300C05166C090200678AC4 /* Cocoa.framework in Frameworks */,
				C0300C07166C090200678AC4 /* Python.framework in Frameworks */,
			);
			runOnlyForDeploymentPostprocessing = 0;
		};
/* End PBXFrameworksBuildPhase section */

/* Begin PBXGroup section */
		C0300BF5166C090200678AC4 = {
			isa = PBXGroup;
			children = (
				C0300C0C166C090200678AC4 /* Demo */,
				C0300C03166C090200678AC4 /* Frameworks */,
				C0300C01166C090200678AC4 /* Products */,
			);
			sourceTree = "<group>";
		};
		C0300C01166C090200678AC4 /* Products */ = {
			isa = PBXGroup;
			children = (
				C0300C00166C090200678AC4 /* Application Packager.app */,
			);
			name = Products;
			sourceTree = "<group>";
		};
		C0300C03166C090200678AC4 /* Frameworks */ = {
			isa = PBXGroup;
			children = (
				C0300C04166C090200678AC4 /* Cocoa.framework */,
				C0300C06166C090200678AC4 /* Python.framework */,
				C0300C08166C090200678AC4 /* Other Frameworks */,
			);
			name = Frameworks;
			sourceTree = "<group>";
		};
		C0300C08166C090200678AC4 /* Other Frameworks */ = {
			isa = PBXGroup;
			children = (
				C0300C09166C090200678AC4 /* AppKit.framework */,
				C0300C0A166C090200678AC4 /* CoreData.framework */,
				C0300C0B166C090200678AC4 /* Foundation.framework */,
			);
			name = "Other Frameworks";
			sourceTree = "<group>";
		};
		C0300C0C166C090200678AC4 /* Demo */ = {
			isa = PBXGroup;
			children = (
				C0300C18166C090200678AC4 /* main.py */,
				C0300C1A166C090200678AC4 /* MTAppDelegate.py */,
				C0300C1C166C090200678AC4 /* MainMenu.xib */,
				C0300C28166C4A8000678AC4 /* MTMainWindowController.py */,
				C0300C0D166C090200678AC4 /* Supporting Files */,
			);
			path = Demo;
			sourceTree = "<group>";
		};
		C0300C0D166C090200678AC4 /* Supporting Files */ = {
			isa = PBXGroup;
			children = (
				C0300C0E166C090200678AC4 /* Application Packager-Info.plist */,
				C0300C0F166C090200678AC4 /* InfoPlist.strings */,
				C0300C12166C090200678AC4 /* main.m */,
				C0300C14166C090200678AC4 /* Application Packager-Prefix.pch */,
				C0300C15166C090200678AC4 /* Credits.rtf */,
			);
			name = "Supporting Files";
			sourceTree = "<group>";
		};
/* End PBXGroup section */

/* Begin PBXNativeTarget section */
		C0300BFF166C090200678AC4 /* Application Packager */ = {
			isa = PBXNativeTarget;
			buildConfigurationList = C0300C21166C090200678AC4 /* Build configuration list for PBXNativeTarget "Application Packager" */;
			buildPhases = (
				C0300BFC166C090200678AC4 /* Sources */,
				C0300BFD166C090200678AC4 /* Frameworks */,
				C0300BFE166C090200678AC4 /* Resources */,
			);
			buildRules = (
			);
			dependencies = (
			);
			name = "Application Packager";
			productName = Demo;
			productReference = C0300C00166C090200678AC4 /* Application Packager.app */;
			productType = "com.apple.product-type.application";
		};
/* End PBXNativeTarget section */

/* Begin PBXProject section */
		C0300BF7166C090200678AC4 /* Project object */ = {
			isa = PBXProject;
			attributes = {
				CLASSPREFIX = MT;
				LastUpgradeCheck = 0450;
				ORGANIZATIONNAME = MacTech;
			};
			buildConfigurationList = C0300BFA166C090200678AC4 /* Build configuration list for PBXProject "Application Packager" */;
			compatibilityVersion = "Xcode 3.2";
			developmentRegion = English;
			hasScannedForEncodings = 0;
			knownRegions = (
				en,
			);
			mainGroup = C0300BF5166C090200678AC4;
			productRefGroup = C0300C01166C090200678AC4 /* Products */;
			projectDirPath = "";
			projectRoot = "";
			targets = (
				C0300BFF166C090200678AC4 /* Application Packager */,
			);
		};
/* End PBXProject section */

/* Begin PBXResourcesBuildPhase section */
		C0300BFE166C090200678AC4 /* Resources */ = {
			isa = PBXResourcesBuildPhase;
			buildActionMask = 2147483647;
			files = (
				C0300C11166C090200678AC4 /* InfoPlist.strings in Resources */,
				C0300C17166C090200678AC4 /* Credits.rtf in Resources */,
				C0300C19166C090200678AC4 /* main.py in Resources */,
				C0300C1B166C090200678AC4 /* MTAppDelegate.py in Resources */,
				C0300C1E166C090200678AC4 /* MainMenu.xib in Resources */,
				C0300C29166C4A8000678AC4 /* MTMainWindowController.py in Resources */,
			);
			runOnlyForDeploymentPostprocessing = 0;
		};
/* End PBXResourcesBuildPhase section */

/* Begin PBXSourcesBuildPhase section */
		C0300BFC166C090200678AC4 /* Sources */ = {
			isa = PBXSourcesBuildPhase;
			buildActionMask = 2147483647;
			files = (
				C0300C13166C090200678AC4 /* main.m in Sources */,
			);
			runOnlyForDeploymentPostprocessing = 0;
		};
/* End PBXSourcesBuildPhase section */

/* Begin PBXVariantGroup section */
		C0300C0F166C090200678AC4 /* InfoPlist.strings */ = {
			isa = PBXVariantGroup;
			children = (
				C0300C10166C090200678AC4 /* en */,
			);
			name = InfoPlist.strings;
			sourceTree = "<group>";
		};
		C0300C15166C090200678AC4 /* Credits.rtf */ = {
			isa = PBXVariantGroup;
			children = (
				C0300C16166C090200678AC4 /* en */,
			);
			name = Credits.rtf;
			sourceTree = "<group>";
		};
		C0300C1C166C090200678AC4 /* MainMenu.xib */ = {
			isa = PBXVariantGroup;
			children = (
				C0300C1D166C090200678AC4 /* en */,
			);
			name = MainMenu.xib;
			sourceTree = "<group>";
		};
/* End PBXVariantGroup section */

/* Begin XCBuildConfiguration section */
		C0300C1F166C090200678AC4 /* Debug */ = {
			isa = XCBuildConfiguration;
			buildSettings = {
				ALWAYS_SEARCH_USER_PATHS = NO;
				ARCHS = "$(ARCHS_STANDARD_64_BIT)";
				CLANG_CXX_LANGUAGE_STANDARD = "gnu++0x";
				CLANG_CXX_LIBRARY = "libc++";
				CLANG_WARN_EMPTY_BODY = YES;
				CLANG_WARN__DUPLICATE_METHOD_MATCH = YES;
				COPY_PHASE_STRIP = NO;
				GCC_C_LANGUAGE_STANDARD = gnu99;
				GCC_DYNAMIC_NO_PIC = NO;
				GCC_ENABLE_OBJC_EXCEPTIONS = YES;
				GCC_OPTIMIZATION_LEVEL = 0;
				GCC_PREPROCESSOR_DEFINITIONS = (
					"DEBUG=1",
					"$(inherited)",
				);
				GCC_SYMBOLS_PRIVATE_EXTERN = NO;
				GCC_WARN_64_TO_32_BIT_CONVERSION = YES;
				GCC_WARN_ABOUT_RETURN_TYPE = YES;
				GCC_WARN_UNINITIALIZED_AUTOS = YES;
				GCC_WARN_UNUSED_VARIABLE = YES;
				MACOSX_DEPLOYMENT_TARGET = 10.8;
				ONLY_ACTIVE_ARCH = YES;
				SDKROOT = macosx;
			};
			name = Debug;
		};
		C0300C20166C090200678AC4 /* Release */ = {
			isa = XCBuildConfiguration;
			buildSettings = {
				ALWAYS_SEARCH_USER_PATHS = NO;
				ARCHS = "$(ARCHS_STANDARD_64_BIT)";
				CLANG_CXX_LANGUAGE_STANDARD = "gnu++0x";
				CLANG_CXX_LIBRARY = "libc++";
				CLANG_WARN_EMPTY_BODY = YES;
				CLANG_WARN__DUPLICATE_METHOD_MATCH = YES;
				COPY_PHASE_STRIP = YES;
				DEBUG_INFORMATION_FORMAT = "dwarf-with-dsym";
				GCC_C_LANGUAGE_STANDARD = gnu99;
				GCC_ENABLE_OBJC_EXCEPTIONS = YES;
				GCC_WARN_64_TO_32_BIT_CONVERSION = YES;
				GCC_WARN_ABOUT_RETURN_TYPE = YES;
				GCC_WARN_UNINITIALIZED_AUTOS = YES;
				GCC_WARN_UNUSED_VARIABLE = YES;
				MACOSX_DEPLOYMENT_TARGET = 10.8;
				SDKROOT = macosx;
			};
			name = Release;
		};
		C0300C22166C090200678AC4 /* Debug */ = {
			isa = XCBuildConfiguration;
			buildSettings = {
				GCC_PRECOMPILE_PREFIX_HEADER = YES;
				GCC_PREFIX_HEADER = "Demo/Application Packager-Prefix.pch";
				INFOPLIST_FILE = "Demo/Application Packager-Info.plist";
				PRODUCT_NAME = "Application Packager";
				WRAPPER_EXTENSION = app;
			};
			name = Debug;
		};
		C0300C23166C090200678AC4 /* Release */ = {
			isa = XCBuildConfiguration;
			buildSettings = {
				GCC_PRECOMPILE_PREFIX_HEADER = YES;
				GCC_PREFIX_HEADER = "Demo/Application Packager-Prefix.pch";
				INFOPLIST_FILE = "Demo/Application Packager-Info.plist";
				PRODUCT_NAME = "Application Packager";
				WRAPPER_EXTENSION = app;
			};
			name = Release;
		};
/* End XCBuildConfiguration section */

/* Begin XCConfigurationList section */
		C0300BFA166C090200678AC4 /* Build configuration list for PBXProject "Application Packager" */ = {
			isa = XCConfigurationList;
			buildConfigurations = (
				C0300C1F166C090200678AC4 /* Debug */,
				C0300C20166C090200678AC4 /* Release */,
			);
			defaultConfigurationIsVisible = 0;
			defaultConfigurationName = Release;
		};
		C0300C21166C090200678AC4 /* Build configuration list for PBXNativeTarget "Application Packager" */ = {
			isa = XCConfigurationList;
			buildConfigurations = (
				C0300C22166C090200678AC4 /* Debug */,
				C0300C23166C090200678AC4 /* Release */,
			);
			defaultConfigurationIsVisible = 0;
			defaultConfigurationName = Release;
		};
/* End XCConfigurationList section */
	};
	rootObject = C0300BF7166C090200678AC4 /* Project object */;
}
